
Microsoft Visual Studio Solution File, Format Version 12.00
# Visual Studio 14
VisualStudioVersion = 14.0.25420.1
MinimumVisualStudioVersion = 10.0.40219.1
Project("{FAE04EC0-301F-11D3-BF4B-00C04F79EFBC}") = "TMSDeloitte", "TMSDeloitte\TMSDeloitte.csproj", "{73D2E508-7512-4CE0-BA06-51A832AB92DE}"
EndProject
Project("{FAE04EC0-301F-11D3-BF4B-00C04F79EFBC}") = "AlertWindowService", "TestWindowService\AlertWindowService.csproj", "{8F6EF4E3-0BB4-4E9F-A0C1-EE8D58E39EE6}"
EndProject
Global
	GlobalSection(SolutionConfigurationPlatforms) = preSolution
		Debug|Any CPU = Debug|Any CPU
		Debug|x64 = Debug|x64
		Debug|x86 = Debug|x86
		Release|Any CPU = Release|Any CPU
		Release|x64 = Release|x64
		Release|x86 = Release|x86
	EndGlobalSection
	GlobalSection(ProjectConfigurationPlatforms) = postSolution
		{73D2E508-7512-4CE0-BA06-51A832AB92DE}.Debug|Any CPU.ActiveCfg = Debug|Any CPU
		{73D2E508-7512-4CE0-BA06-51A832AB92DE}.Debug|Any CPU.Build.0 = Debug|Any CPU
		{73D2E508-7512-4CE0-BA06-51A832AB92DE}.Debug|x64.ActiveCfg = Debug|x64
		{73D2E508-7512-4CE0-BA06-51A832AB92DE}.Debug|x64.Build.0 = Debug|x64
		{73D2E508-7512-4CE0-BA06-51A832AB92DE}.Debug|x86.ActiveCfg = Debug|x86
		{73D2E508-7512-4CE0-BA06-51A832AB92DE}.Debug|x86.Build.0 = Debug|x86
		{73D2E508-7512-4CE0-BA06-51A832AB92DE}.Release|Any CPU.ActiveCfg = Release|Any CPU
		{73D2E508-7512-4CE0-BA06-51A832AB92DE}.Release|Any CPU.Build.0 = Release|Any CPU
		{73D2E508-7512-4CE0-BA06-51A832AB92DE}.Release|x64.ActiveCfg = Release|x64
		{73D2E508-7512-4CE0-BA06-51A832AB92DE}.Release|x64.Build.0 = Release|x64
		{73D2E508-7512-4CE0-BA06-51A832AB92DE}.Release|x86.ActiveCfg = Release|x86
		{73D2E508-7512-4CE0-BA06-51A832AB92DE}.Release|x86.Build.0 = Release|x86
		{8F6EF4E3-0BB4-4E9F-A0C1-EE8D58E39EE6}.Debug|Any CPU.ActiveCfg = Debug|Any CPU
		{8F6EF4E3-0BB4-4E9F-A0C1-EE8D58E39EE6}.Debug|Any CPU.Build.0 = Debug|Any CPU
		{8F6EF4E3-0BB4-4E9F-A0C1-EE8D58E39EE6}.Debug|x64.ActiveCfg = Debug|x64
		{8F6EF4E3-0BB4-4E9F-A0C1-EE8D58E39EE6}.Debug|x64.Build.0 = Debug|x64
		{8F6EF4E3-0BB4-4E9F-A0C1-EE8D58E39EE6}.Debug|x86.ActiveCfg = Debug|x86
		{8F6EF4E3-0BB4-4E9F-A0C1-EE8D58E39EE6}.Debug|x86.Build.0 = Debug|x86
		{8F6EF4E3-0BB4-4E9F-A0C1-EE8D58E39EE6}.Release|Any CPU.ActiveCfg = Release|Any CPU
		{8F6EF4E3-0BB4-4E9F-A0C1-EE8D58E39EE6}.Release|Any CPU.Build.0 = Release|Any CPU
		{8F6EF4E3-0BB4-4E9F-A0C1-EE8D58E39EE6}.Release|x64.ActiveCfg = Release|x64
		{8F6EF4E3-0BB4-4E9F-A0C1-EE8D58E39EE6}.Release|x64.Build.0 = Release|x64
		{8F6EF4E3-0BB4-4E9F-A0C1-EE8D58E39EE6}.Release|x86.ActiveCfg = Release|x86
		{8F6EF4E3-0BB4-4E9F-A0C1-EE8D58E39EE6}.Release|x86.Build.0 = Release|x86
	EndGlobalSection
	GlobalSection(SolutionProperties) = preSolution
		HideSolutionNode = FALSE
	EndGlobalSection
	GlobalSection(TeamFoundationVersionControl) = preSolution
		SccNumberOfProjects = 3
		SccEnterpriseProvider = {4CA58AB2-18FA-4F8D-95D4-32DDF27D184C}
		SccTeamFoundationServer = https://muhammadjawwad0345.visualstudio.com/
		SccLocalPath0 = .
		SccProjectUniqueName1 = TMSDeloitte\\TMSDeloitte.csproj
		SccProjectName1 = TMSDeloitte
		SccLocalPath1 = TMSDeloitte
		SccProjectUniqueName2 = TestWindowService\\AlertWindowService.csproj
		SccProjectName2 = TestWindowService
		SccLocalPath2 = TestWindowService
	EndGlobalSection
EndGlobal
